
// !$*UTF8*$!
{
archiveVersion = 1;
classes = {};
objectVersion = 55;
objects = {

/* Begin PBXBuildFile section */
FA50170B57BD47BEBE045CE4 /* FocusTrackerApp.swift in Sources */ = {isa = PBXBuildFile; fileRef = B366A0E63861428F8E0AABE2 /* FocusTrackerApp.swift */; };
9C101E0AAF5549D19ED70C2B /* MainView.swift in Sources */ = {isa = PBXBuildFile; fileRef = 31E30C73FB9B4EB59EAE9913 /* MainView.swift */; };
F0E9753508624DF987F55737 /* FocusSession.swift in Sources */ = {isa = PBXBuildFile; fileRef = B8A029E7E56741D2B33404F8 /* FocusSession.swift */; };
B8D522378BAF48DF98C44B8A /* HealthKitManager.swift in Sources */ = {isa = PBXBuildFile; fileRef = F3ADEE9B9A5F4FDE88820E2F /* HealthKitManager.swift */; };
6C49AD90908B4CA9BC486313 /* LocalStorage.swift in Sources */ = {isa = PBXBuildFile; fileRef = EF31F41C760E47A9BFCDFF58 /* LocalStorage.swift */; };
7C0F5110ED9B494A806329AAB45011F1 /* MotionManager.swift in Sources */ = {isa = PBXBuildFile; fileRef = 8AD57F8B82A6414AAA3EC6A0 /* MotionManager.swift */; };
C9FBFE2716574427B9B8DB409744751E /* FocusWidget.swift in Sources */ = {isa = PBXBuildFile; fileRef = 695D892EF2AF4D87BDD056D3 /* FocusWidget.swift */; };
B1DEADBEEF1234567890CDEF /* FocusWidgetBundle.swift in Sources */ = {isa = PBXBuildFile; fileRef = 5F7EC14D5FCB439FB912AC7F /* FocusWidgetBundle.swift */; };
INFO_PLIST_BUILD /* Info.plist in Resources */ = {isa = PBXBuildFile; fileRef = 188A4114CB3444ECA4F9F62E /* Info.plist */; };
/* End PBXBuildFile section */

/* Begin PBXFileReference section */
B366A0E63861428F8E0AABE2 /* FocusTrackerApp.swift */ = {isa = PBXFileReference; lastKnownFileType = sourcecode.swift; path = FocusTrackerApp.swift; sourceTree = "<group>"; };
31E30C73FB9B4EB59EAE9913 /* MainView.swift */ = {isa = PBXFileReference; lastKnownFileType = sourcecode.swift; path = Views/MainView.swift; sourceTree = "<group>"; };
B8A029E7E56741D2B33404F8 /* FocusSession.swift */ = {isa = PBXFileReference; lastKnownFileType = sourcecode.swift; path = Models/FocusSession.swift; sourceTree = "<group>"; };
F3ADEE9B9A5F4FDE88820E2F /* HealthKitManager.swift */ = {isa = PBXFileReference; lastKnownFileType = sourcecode.swift; path = Services/HealthKitManager.swift; sourceTree = "<group>"; };
EF31F41C760E47A9BFCDFF58 /* LocalStorage.swift */ = {isa = PBXFileReference; lastKnownFileType = sourcecode.swift; path = Services/LocalStorage.swift; sourceTree = "<group>"; };
8AD57F8B82A6414AAA3EC6A0 /* MotionManager.swift */ = {isa = PBXFileReference; lastKnownFileType = sourcecode.swift; path = Services/MotionManager.swift; sourceTree = "<group>"; };
5F7EC14D5FCB439FB912AC7F /* FocusWidgetBundle.swift */ = {isa = PBXFileReference; lastKnownFileType = sourcecode.swift; path = Widgets/FocusWidgetBundle.swift; sourceTree = "<group>"; };
695D892EF2AF4D87BDD056D3 /* FocusWidget.swift */ = {isa = PBXFileReference; lastKnownFileType = sourcecode.swift; path = Widgets/FocusWidget.swift; sourceTree = "<group>"; };
188A4114CB3444ECA4F9F62E /* Info.plist */ = {isa = PBXFileReference; lastKnownFileType = text.plist.xml; path = Info.plist; sourceTree = "<group>"; };
644D0276B898429896C12B97 /* FocusTracker.app */ = {isa = PBXFileReference; explicitFileType = wrapper.application; path = FocusTracker.app; sourceTree = BUILT_PRODUCTS_DIR; };
/* End PBXFileReference section */

/* Begin PBXGroup section */
342D4BFE785540B2826D7E86 = {
isa = PBXGroup;
children = (
B366A0E63861428F8E0AABE2 /* FocusTrackerApp.swift */,
31E30C73FB9B4EB59EAE9913 /* MainView.swift */,
B8A029E7E56741D2B33404F8 /* FocusSession.swift */,
F3ADEE9B9A5F4FDE88820E2F /* HealthKitManager.swift */,
EF31F41C760E47A9BFCDFF58 /* LocalStorage.swift */,
8AD57F8B82A6414AAA3EC6A0 /* MotionManager.swift */,
5F7EC14D5FCB439FB912AC7F /* FocusWidgetBundle.swift */,
695D892EF2AF4D87BDD056D3 /* FocusWidget.swift */,
188A4114CB3444ECA4F9F62E /* Info.plist */,
);
sourceTree = "<group>";
};
/* End PBXGroup section */

/* Begin PBXNativeTarget section */
10133ACDB0C140749D0A4692 /* FocusTracker */ = {
isa = PBXNativeTarget;
buildConfigurationList = 1F30768209AC4E29B8A62FCD /* Build configuration list for PBXNativeTarget "FocusTracker" */;
buildPhases = (
5EEAC271519D4FFFA6153032 /* Sources */,
E01CA99ECF3D4848BA7A64DE /* Resources */,
7D64A2A4CD9B427AB4D37FA1 /* Frameworks */,
);
buildRules = (
);
dependencies = (
);
name = FocusTracker;
productName = FocusTracker;
productReference = 644D0276B898429896C12B97 /* FocusTracker.app */;
productType = "com.apple.product-type.application";
};
/* End PBXNativeTarget section */

/* Begin PBXProject section */
1B2800B0D2DF4AC38EBB4837 /* Project object */ = {
isa = PBXProject;
buildConfigurationList = 019B29E9BBA84928B9028F21 /* Build configuration list for PBXProject "FocusTracker" */;
compatibilityVersion = "Xcode 15.0";
developmentRegion = en;
hasScannedForEncodings = 0;
mainGroup = 342D4BFE785540B2826D7E86;
productRefGroup = 342D4BFE785540B2826D7E86;
projectDirPath = "";
projectRoot = "";
targets = (
10133ACDB0C140749D0A4692 /* FocusTracker */,
);
};
/* End PBXProject section */

/* Begin PBXResourcesBuildPhase section */
E01CA99ECF3D4848BA7A64DE /* Resources */ = {
isa = PBXResourcesBuildPhase;
buildActionMask = 2147483647;
files = (
INFO_PLIST_BUILD /* Info.plist in Resources */,
);
runOnlyForDeploymentPostprocessing = 0;
};
/* End PBXResourcesBuildPhase section */

/* Begin PBXSourcesBuildPhase section */
5EEAC271519D4FFFA6153032 /* Sources */ = {
isa = PBXSourcesBuildPhase;
buildActionMask = 2147483647;
files = (
FA50170B57BD47BEBE045CE4 /* FocusTrackerApp.swift in Sources */,
9C101E0AAF5549D19ED70C2B /* MainView.swift in Sources */,
F0E9753508624DF987F55737 /* FocusSession.swift in Sources */,
B8D522378BAF48DF98C44B8A /* HealthKitManager.swift in Sources */,
6C49AD90908B4CA9BC486313 /* LocalStorage.swift in Sources */,
7C0F5110ED9B494A806329AAB45011F1 /* MotionManager.swift in Sources */,
C9FBFE2716574427B9B8DB409744751E /* FocusWidget.swift in Sources */,
B1DEADBEEF1234567890CDEF /* FocusWidgetBundle.swift in Sources */,
);
runOnlyForDeploymentPostprocessing = 0;
};
/* End PBXSourcesBuildPhase section */

/* Begin PBXFrameworksBuildPhase section */
7D64A2A4CD9B427AB4D37FA1 /* Frameworks */ = {
isa = PBXFrameworksBuildPhase;
buildActionMask = 2147483647;
files = (
);
runOnlyForDeploymentPostprocessing = 0;
};
/* End PBXFrameworksBuildPhase section */

/* Begin XCBuildConfiguration section */
E9F29443B88D4F398D07A56B /* Debug */ = {
isa = XCBuildConfiguration;
buildSettings = {
};
name = Debug;
};
330FE28CBA1C4FC3B4091F7F /* Release */ = {
isa = XCBuildConfiguration;
buildSettings = {
};
name = Release;
};
95F4A1BCA0EF4AA7B791C12D /* Debug */ = {
isa = XCBuildConfiguration;
buildSettings = {
INFOPLIST_FILE = Info.plist;
PRODUCT_BUNDLE_IDENTIFIER = com.example.FocusTracker;
PRODUCT_NAME = FocusTracker;
SWIFT_VERSION = 5.9;
IPHONEOS_DEPLOYMENT_TARGET = 15.0;
};
name = Debug;
};
87858E68702C4411963A027E /* Release */ = {
isa = XCBuildConfiguration;
buildSettings = {
INFOPLIST_FILE = Info.plist;
PRODUCT_BUNDLE_IDENTIFIER = com.example.FocusTracker;
PRODUCT_NAME = FocusTracker;
SWIFT_VERSION = 5.9;
IPHONEOS_DEPLOYMENT_TARGET = 15.0;
SWIFT_OPTIMIZATION_LEVEL = "-O";
};
name = Release;
};
/* End XCBuildConfiguration section */

/* Begin XCConfigurationList section */
019B29E9BBA84928B9028F21 /* Build configuration list for PBXProject "FocusTracker" */ = {
isa = XCConfigurationList;
buildConfigurations = (
E9F29443B88D4F398D07A56B /* Debug */,
330FE28CBA1C4FC3B4091F7F /* Release */,
);
defaultConfigurationIsVisible = 0;
defaultConfigurationName = Release;
};
1F30768209AC4E29B8A62FCD /* Build configuration list for PBXNativeTarget "FocusTracker" */ = {
isa = XCConfigurationList;
buildConfigurations = (
95F4A1BCA0EF4AA7B791C12D /* Debug */,
87858E68702C4411963A027E /* Release */,
);
defaultConfigurationIsVisible = 0;
defaultConfigurationName = Release;
};
/* End XCConfigurationList section */

};
rootObject = 1B2800B0D2DF4AC38EBB4837 /* Project object */;
}
